# THIS IS AN AUTOGENERATED FILE. DO NOT EDIT THIS FILE DIRECTLY.
# yarn lockfile v1


"@babel/runtime@^7.15.4":
  version "7.18.9"
  resolved "https://registry.npmjs.org/@babel/runtime/-/runtime-7.18.9.tgz"
  integrity sha512-lkqXDcvlFT5rvEjiu6+QYO+1GXrEHRo2LOtS7E4GtX5ESIZOgepqsZBVIj6Pv+a6zqsya9VCgiK1KAK4BvJDAw==
  dependencies:
    regenerator-runtime "^0.13.4"

"@cspotcode/source-map-support@^0.8.0":
  version "0.8.1"
  resolved "https://registry.npmjs.org/@cspotcode/source-map-support/-/source-map-support-0.8.1.tgz"
  integrity sha512-IchNf6dN4tHoMFIn/7OE8LWZ19Y6q/67Bmf6vnGREv8RSbBVb9LPJxEcnwrcwX6ixSvaiGoomAUvu4YSxXrVgw==
  dependencies:
    "@jridgewell/trace-mapping" "0.3.9"

"@fastify/ajv-compiler@^3.1.1":
  version "3.1.2"
  resolved "https://registry.npmjs.org/@fastify/ajv-compiler/-/ajv-compiler-3.1.2.tgz"
  integrity sha512-m2nzzQJeuVmeGOB9rnII9sZiY8AZ02a9WMQfMBfK1jxdFnxm3FPYKGbYpPjODj4halNogwpolyugbTNpnDCi0A==
  dependencies:
    ajv "^8.10.0"
    ajv-formats "^2.1.1"
    fast-uri "^2.0.0"

"@fastify/deepmerge@^1.0.0":
  version "1.1.0"
  resolved "https://registry.npmjs.org/@fastify/deepmerge/-/deepmerge-1.1.0.tgz"
  integrity sha512-E8Hfdvs1bG6u0N4vN5Nty6JONUfTdOciyD5rn8KnEsLKIenvOVcr210BQR9t34PRkNyjqnMLGk3e0BsaxRdL+g==

"@fastify/error@^3.0.0":
  version "3.0.0"
  resolved "https://registry.npmjs.org/@fastify/error/-/error-3.0.0.tgz"
  integrity sha512-dPRyT40GiHRzSCll3/Jn2nPe25+E1VXc9tDwRAIKwFCxd5Np5wzgz1tmooWG3sV0qKgrBibihVoCna2ru4SEFg==

"@fastify/fast-json-stringify-compiler@^4.0.0":
  version "4.0.0"
  resolved "https://registry.npmjs.org/@fastify/fast-json-stringify-compiler/-/fast-json-stringify-compiler-4.0.0.tgz"
  integrity sha512-9pCi6c6tmGt/qfuf2koZQuSIG6ckP9q3mz+JoMmAq9eQ4EtA92sWoK7E0LJUn2FFTS/hp5kag+4+dWsV5ZfcXg==
  dependencies:
    fast-json-stringify "^5.0.0"

"@jridgewell/resolve-uri@^3.0.3":
  version "3.1.0"
  resolved "https://registry.npmjs.org/@jridgewell/resolve-uri/-/resolve-uri-3.1.0.tgz"
  integrity sha512-F2msla3tad+Mfht5cJq7LSXcdudKTWCVYUgw6pLFOOHSTtZlj6SWNYAp+AhuqLmWdBO2X5hPrLcu8cVP8fy28w==

"@jridgewell/sourcemap-codec@^1.4.10":
  version "1.4.14"
  resolved "https://registry.npmjs.org/@jridgewell/sourcemap-codec/-/sourcemap-codec-1.4.14.tgz"
  integrity sha512-XPSJHWmi394fuUuzDnGz1wiKqWfo1yXecHQMRf2l6hztTO+nPru658AyDngaBe7isIxEkRsPR3FZh+s7iVa4Uw==

"@jridgewell/trace-mapping@0.3.9":
  version "0.3.9"
  resolved "https://registry.npmjs.org/@jridgewell/trace-mapping/-/trace-mapping-0.3.9.tgz"
  integrity sha512-3Belt6tdc8bPgAtbcmdtNJlirVoTmEb5e2gC94PnkwEW9jI6CAHUeoG85tjWP5WquqfavoMtMwiG4P926ZKKuQ==
  dependencies:
    "@jridgewell/resolve-uri" "^3.0.3"
    "@jridgewell/sourcemap-codec" "^1.4.10"

"@playwright/test@^1.27.1":
  version "1.27.1"
  resolved "https://registry.npmjs.org/@playwright/test/-/test-1.27.1.tgz"
  integrity sha512-mrL2q0an/7tVqniQQF6RBL2saskjljXzqNcCOVMUjRIgE6Y38nCNaP+Dc2FBW06bcpD3tqIws/HT9qiMHbNU0A==
  dependencies:
    "@types/node" "*"
    playwright-core "1.27.1"

"@tsconfig/node10@^1.0.7":
  version "1.0.9"
  resolved "https://registry.npmjs.org/@tsconfig/node10/-/node10-1.0.9.tgz"
  integrity sha512-jNsYVVxU8v5g43Erja32laIDHXeoNvFEpX33OK4d6hljo3jDhCBDhx5dhCCTMWUojscpAagGiRkBKxpdl9fxqA==

"@tsconfig/node12@^1.0.7":
  version "1.0.11"
  resolved "https://registry.npmjs.org/@tsconfig/node12/-/node12-1.0.11.tgz"
  integrity sha512-cqefuRsh12pWyGsIoBKJA9luFu3mRxCA+ORZvA4ktLSzIuCUtWVxGIuXigEwO5/ywWFMZ2QEGKWvkZG1zDMTag==

"@tsconfig/node14@^1.0.0":
  version "1.0.3"
  resolved "https://registry.npmjs.org/@tsconfig/node14/-/node14-1.0.3.tgz"
  integrity sha512-ysT8mhdixWK6Hw3i1V2AeRqZ5WfXg1G43mqoYlM2nc6388Fq5jcXyr5mRsqViLx/GJYdoL0bfXD8nmF+Zn/Iow==

"@tsconfig/node16@^1.0.2", "@tsconfig/node16@^1.0.3":
  version "1.0.3"
  resolved "https://registry.npmjs.org/@tsconfig/node16/-/node16-1.0.3.tgz"
  integrity sha512-yOlFc+7UtL/89t2ZhjPvvB/DeAr3r+Dq58IgzsFkOAvVC6NMJXmCGjbptdXdR9qsX7pKcTL+s87FtYREi2dEEQ==

"@types/lodash@^4.14.175":
  version "4.14.182"
  resolved "https://registry.npmjs.org/@types/lodash/-/lodash-4.14.182.tgz"
  integrity sha512-/THyiqyQAP9AfARo4pF+aCGcyiQ94tX/Is2I7HofNRqoYLgN1PBoOWu2/zTA5zMxzP5EFutMtWtGAFRKUe961Q==

"@types/node@*", "@types/node@^18.6.2":
  version "18.6.2"
  resolved "https://registry.npmjs.org/@types/node/-/node-18.6.2.tgz"
  integrity sha512-KcfkBq9H4PI6Vpu5B/KoPeuVDAbmi+2mDBqGPGUgoL7yXQtcWGu2vJWmmRkneWK3Rh0nIAX192Aa87AqKHYChQ==

abort-controller@^3.0.0:
  version "3.0.0"
  resolved "https://registry.npmjs.org/abort-controller/-/abort-controller-3.0.0.tgz"
  integrity sha512-h8lQ8tacZYnR3vNQTgibj+tODHI5/+l06Au2Pcriv/Gmet0eaj4TwWH41sO9wnHDiQsEj19q0drzdWdeAHtweg==
  dependencies:
    event-target-shim "^5.0.0"

abstract-logging@^2.0.1:
  version "2.0.1"
  resolved "https://registry.npmjs.org/abstract-logging/-/abstract-logging-2.0.1.tgz"
  integrity sha512-2BjRTZxTPvheOvGbBslFSYOUkr+SjPtOnrLP33f+VIWLzezQpZcqVg7ja3L4dBXmzzgwT+a029jRx5PCi3JuiA==

acorn-walk@^8.1.1:
  version "8.2.0"
  resolved "https://registry.npmjs.org/acorn-walk/-/acorn-walk-8.2.0.tgz"
  integrity sha512-k+iyHEuPgSw6SbuDpGQM+06HQUa04DZ3o+F6CSzXMvvI5KMvnaEqXe+YVe555R9nn6GPt404fos4wcgpw12SDA==

acorn@^8.4.1:
  version "8.8.0"
  resolved "https://registry.npmjs.org/acorn/-/acorn-8.8.0.tgz"
  integrity sha512-QOxyigPVrpZ2GXT+PFyZTl6TtOFc5egxHIP9IlQ+RbupQuX4RkT/Bee4/kQuC02Xkzg84JcT7oLYtDIQxp+v7w==

ajv-formats@^2.1.1:
  version "2.1.1"
  resolved "https://registry.npmjs.org/ajv-formats/-/ajv-formats-2.1.1.tgz"
  integrity sha512-Wx0Kx52hxE7C18hkMEggYlEifqWZtYaRgouJor+WMdPnQyEK13vgEWyVNup7SoeeoLMsr4kf5h6dOW11I15MUA==
  dependencies:
    ajv "^8.0.0"

ajv@^8.0.0, ajv@^8.10.0:
  version "8.11.0"
  resolved "https://registry.npmjs.org/ajv/-/ajv-8.11.0.tgz"
  integrity sha512-wGgprdCvMalC0BztXvitD2hC04YffAvtsUn93JbGXYLAtCUO4xd17mCCZQxUOItiBwZvJScWo8NIvQMQ71rdpg==
  dependencies:
    fast-deep-equal "^3.1.1"
    json-schema-traverse "^1.0.0"
    require-from-string "^2.0.2"
    uri-js "^4.2.2"

archy@^1.0.0:
  version "1.0.0"
  resolved "https://registry.npmjs.org/archy/-/archy-1.0.0.tgz"
  integrity sha512-Xg+9RwCg/0p32teKdGMPTPnVXKD0w3DfHnFTficozsAgsvq2XenPJq/MYpzzQ/v8zrOyJn6Ds39VA4JIDwFfqw==

arg@^4.1.0:
  version "4.1.3"
  resolved "https://registry.npmjs.org/arg/-/arg-4.1.3.tgz"
  integrity sha512-58S9QDqG0Xx27YwPSt9fJxivjYl432YCwfDMfZ+71RAqUrZef7LrKQZ3LHLOwCS4FLNBplP533Zx895SeOCHvA==

atomic-sleep@^1.0.0:
  version "1.0.0"
  resolved "https://registry.npmjs.org/atomic-sleep/-/atomic-sleep-1.0.0.tgz"
  integrity sha512-kNOjDqAh7px0XWNI+4QbzoiR/nTkHAWNud2uvnJquD1/x5a7EQZMJT0AczqK0Qn67oY/TTQ1LbUKajZpp3I9tQ==

avvio@^8.1.3:
  version "8.2.0"
  resolved "https://registry.npmjs.org/avvio/-/avvio-8.2.0.tgz"
  integrity sha512-bbCQdg7bpEv6kGH41RO/3B2/GMMmJSo2iBK+X8AWN9mujtfUipMDfIjsgHCfpnKqoGEQrrmCDKSa5OQ19+fDmg==
  dependencies:
    archy "^1.0.0"
    debug "^4.0.0"
    fastq "^1.6.1"

balanced-match@^1.0.0:
  version "1.0.2"
  resolved "https://registry.npmjs.org/balanced-match/-/balanced-match-1.0.2.tgz"
  integrity sha512-3oSeUO0TMV67hN1AmbXsK4yaqU7tjiHlbxRDZOpH0KW9+CeX4bRAaX0Anxt0tx2MrpRpWwQaPwIlISEJhYU5Pw==

brace-expansion@^1.1.7:
  version "1.1.11"
  resolved "https://registry.npmjs.org/brace-expansion/-/brace-expansion-1.1.11.tgz"
  integrity sha512-iCuPHDFgrHX7H2vEI/5xpz07zSHB00TpugqhmYtVmMO6518mCuRMoOYFldEBl0g187ufozdaHgWKcYFb61qGiA==
  dependencies:
    balanced-match "^1.0.0"
    concat-map "0.0.1"

concat-map@0.0.1:
  version "0.0.1"
  resolved "https://registry.npmjs.org/concat-map/-/concat-map-0.0.1.tgz"
  integrity sha512-/Srv4dswyQNBfohGpz9o6Yb3Gz3SrUDqBH5rTuhGR7ahtlbYKnVxw2bCFMRljaA7EXHaXZ8wsHdodFvbkhKmqg==

cookie@^0.5.0:
  version "0.5.0"
  resolved "https://registry.npmjs.org/cookie/-/cookie-0.5.0.tgz"
  integrity sha512-YZ3GUyn/o8gfKJlnlX7g7xq4gyO6OSuhGPKaaGssGB2qgDUS0gPgtTvoyZLTt9Ab6dC4hfc9dV5arkvc/OCmrw==

create-require@^1.1.0:
  version "1.1.1"
  resolved "https://registry.npmjs.org/create-require/-/create-require-1.1.1.tgz"
  integrity sha512-dcKFX3jn0MpIaXjisoRvexIJVEKzaq7z2rZKxf+MSr9TkdmHmsU4m2lcLojrj/FHl8mk5VxMmYA+ftRkP/3oKQ==

dayjs@^1.11.5:
  version "1.11.5"
  resolved "https://registry.yarnpkg.com/dayjs/-/dayjs-1.11.5.tgz#00e8cc627f231f9499c19b38af49f56dc0ac5e93"
  integrity sha512-CAdX5Q3YW3Gclyo5Vpqkgpj8fSdLQcRuzfX6mC6Phy0nfJ0eGYOeS7m4mt2plDWLAtA4TqTakvbboHvUxfe4iA==

debug@^4.0.0:
  version "4.3.4"
  resolved "https://registry.npmjs.org/debug/-/debug-4.3.4.tgz"
  integrity sha512-PRWFHuSU3eDtQJPvnNY7Jcket1j0t5OuOsFzPPzsekD52Zl8qUfFIPEiswXqIvHWGVHOgX+7G/vCNNhehwxfkQ==
  dependencies:
    ms "2.1.2"

diff@^4.0.1:
  version "4.0.2"
  resolved "https://registry.npmjs.org/diff/-/diff-4.0.2.tgz"
  integrity sha512-58lmxKSA4BNyLz+HHMUzlOEpg09FV+ev6ZMe3vJihgdxzgcwZ8VoEEPmALCZG9LmqfVoNMMKpttIYTVG6uDY7A==

event-target-shim@^5.0.0:
  version "5.0.1"
  resolved "https://registry.npmjs.org/event-target-shim/-/event-target-shim-5.0.1.tgz"
  integrity sha512-i/2XbnSz/uxRCU6+NdVJgKWDTM427+MqYbkQzD321DuCQJUqOuJKIA0IM2+W2xtYHdKOmZ4dR6fExsd4SXL+WQ==

fast-deep-equal@^3.1.1, fast-deep-equal@^3.1.3:
  version "3.1.3"
  resolved "https://registry.npmjs.org/fast-deep-equal/-/fast-deep-equal-3.1.3.tgz"
  integrity sha512-f3qQ9oQy9j2AhBe/H9VC91wLmKBCCU/gDOnKNAYG5hswO7BLKj09Hc5HYNz9cGI++xlpDCIgDaitVs03ATR84Q==

fast-json-stringify@^5.0.0:
  version "5.1.0"
  resolved "https://registry.npmjs.org/fast-json-stringify/-/fast-json-stringify-5.1.0.tgz"
  integrity sha512-IybGfbUc1DQgyrp9Myhwlr1Z5vjV37mBkdgcbuvsvUxv5fayG+cHlTQQpXH9nMwUPgp+5Y3RT7QDgx5zJ9NS3A==
  dependencies:
    "@fastify/deepmerge" "^1.0.0"
    ajv "^8.10.0"
    ajv-formats "^2.1.1"
    fast-uri "^2.1.0"
    rfdc "^1.2.0"

fast-redact@^3.1.1:
  version "3.1.1"
  resolved "https://registry.npmjs.org/fast-redact/-/fast-redact-3.1.1.tgz"
  integrity sha512-odVmjC8x8jNeMZ3C+rPMESzXVSEU8tSWSHv9HFxP2mm89G/1WwqhrerJDQm9Zus8X6aoRgQDThKqptdNA6bt+A==

fast-uri@^2.0.0, fast-uri@^2.1.0:
  version "2.1.0"
  resolved "https://registry.npmjs.org/fast-uri/-/fast-uri-2.1.0.tgz"
  integrity sha512-qKRta6N7BWEFVlyonVY/V+BMLgFqktCUV0QjT259ekAIlbVrMaFnFLxJ4s/JPl4tou56S1BzPufI60bLe29fHA==

fastify@^4.4.0:
  version "4.4.0"
  resolved "https://registry.npmjs.org/fastify/-/fastify-4.4.0.tgz"
  integrity sha512-ePI4g9vPJXIBF4YlVcDSLxjvtdTrlM8QzdgYAPFGdCH+rot+4MXoFFAUb10fGrIcRRjaq6CvcbIzxiWQzMMHkw==
  dependencies:
    "@fastify/ajv-compiler" "^3.1.1"
    "@fastify/error" "^3.0.0"
    "@fastify/fast-json-stringify-compiler" "^4.0.0"
    abstract-logging "^2.0.1"
    avvio "^8.1.3"
    find-my-way "^7.0.0"
    light-my-request "^5.0.0"
    pino "^8.0.0"
    process-warning "^2.0.0"
    proxy-addr "^2.0.7"
    rfdc "^1.3.0"
    secure-json-parse "^2.4.0"
    semver "^7.3.7"
    tiny-lru "^8.0.2"

fastq@^1.6.1:
  version "1.13.0"
  resolved "https://registry.npmjs.org/fastq/-/fastq-1.13.0.tgz"
  integrity sha512-YpkpUnK8od0o1hmeSc7UUs/eB/vIPWJYjKck2QKIzAf71Vm1AAQ3EbuZB3g2JIy+pg+ERD0vqI79KyZiB2e2Nw==
  dependencies:
    reusify "^1.0.4"

find-my-way@^7.0.0:
  version "7.0.1"
  resolved "https://registry.npmjs.org/find-my-way/-/find-my-way-7.0.1.tgz"
  integrity sha512-w05SaOPg54KqBof/RDA+75n1R48V7ZZNPL3nR17jJJs5dgZpR3ivfrMWOyx7BVFQgCLhYRG05hfgFCohYvSUXA==
  dependencies:
    fast-deep-equal "^3.1.3"
    safe-regex2 "^2.0.0"

forwarded@0.2.0:
  version "0.2.0"
  resolved "https://registry.npmjs.org/forwarded/-/forwarded-0.2.0.tgz"
  integrity sha512-buRG0fpBtRHSTCOASe6hD258tEubFoRLb4ZNA6NxMVHNw2gOcwHo9wyablzMzOA5z9xA9L1KNjk/Nt6MT9aYow==

fs.realpath@^1.0.0:
  version "1.0.0"
  resolved "https://registry.npmjs.org/fs.realpath/-/fs.realpath-1.0.0.tgz"
  integrity sha512-OO0pH2lK6a0hZnAdau5ItzHPI6pUlvI7jMVnxUQRtw4owF2wk8lOSabtGDCTP4Ggrg2MbGnWO9X8K1t4+fGMDw==

glob@^7.1.3:
  version "7.2.3"
  resolved "https://registry.npmjs.org/glob/-/glob-7.2.3.tgz"
  integrity sha512-nFR0zLpU2YCaRxwoCJvL6UvCH2JFyFVIvwTLsIf21AuHlMskA1hhTdk+LlYJtOlYt9v6dvszD2BGRqBL+iQK9Q==
  dependencies:
    fs.realpath "^1.0.0"
    inflight "^1.0.4"
    inherits "2"
    minimatch "^3.1.1"
    once "^1.3.0"
    path-is-absolute "^1.0.0"

ics@^2.37.0:
  version "2.37.0"
  resolved "https://registry.npmjs.org/ics/-/ics-2.37.0.tgz"
  integrity sha512-pwjHe4nPFB/YulKlNo35z8BjjHej0PE/FcET/P7zMH+6pAfME1+NiUSFu/QbJN+o7AOJVXous626kNxrb33blg==
  dependencies:
    nanoid "^3.1.23"
    yup "^0.32.9"

inflight@^1.0.4:
  version "1.0.6"
  resolved "https://registry.npmjs.org/inflight/-/inflight-1.0.6.tgz"
  integrity sha512-k92I/b08q4wvFscXCLvqfsHCrjrF7yiXsQuIVvVE7N82W3+aqpzuUdBbfhWcy/FZR3/4IgflMgKLOsvPDrGCJA==
  dependencies:
    once "^1.3.0"
    wrappy "1"

inherits@2:
  version "2.0.4"
  resolved "https://registry.npmjs.org/inherits/-/inherits-2.0.4.tgz"
  integrity sha512-k/vGaX4/Yla3WzyMCvTQOXYeIHvqOKtnqBduzTHpzpQZzAskKMhZ2K+EnBiSM9zGSoIFeMpXKxa4dYeZIQqewQ==

ipaddr.js@1.9.1:
  version "1.9.1"
  resolved "https://registry.npmjs.org/ipaddr.js/-/ipaddr.js-1.9.1.tgz"
  integrity sha512-0KI/607xoxSToH7GjN1FfSbLoU0+btTicjsQSWQlh/hZykN8KpmMf7uYwPW3R+akZ6R/w18ZlXSHBYXiYUPO3g==

json-schema-traverse@^1.0.0:
  version "1.0.0"
  resolved "https://registry.npmjs.org/json-schema-traverse/-/json-schema-traverse-1.0.0.tgz"
  integrity sha512-NM8/P9n3XjXhIZn1lLhkFaACTOURQXjWhV4BA/RnOv8xvgqtqpAX9IO4mRQxSx1Rlo4tqzeqb0sOlruaOy3dug==

light-my-request@^5.0.0:
  version "5.4.0"
  resolved "https://registry.npmjs.org/light-my-request/-/light-my-request-5.4.0.tgz"
  integrity sha512-lWwUibGSDifLsCGKVy5mCktifWGYiZUCzuKqXgrb3Na7wHPl8aPShxjDhUGQE3MI8k2wJSuvSJh5lyHkMnOTMg==
  dependencies:
    cookie "^0.5.0"
    process-warning "^2.0.0"
    set-cookie-parser "^2.4.1"

lodash-es@^4.17.21:
  version "4.17.21"
  resolved "https://registry.npmjs.org/lodash-es/-/lodash-es-4.17.21.tgz"
  integrity sha512-mKnC+QJ9pWVzv+C4/U3rRsHapFfHvQFoFB92e52xeyGMcX6/OlIl78je1u8vePzYZSkkogMPJ2yjxxsb89cxyw==

lodash@^4.17.21:
  version "4.17.21"
  resolved "https://registry.npmjs.org/lodash/-/lodash-4.17.21.tgz"
  integrity sha512-v2kDEe57lecTulaDIuNTPy3Ry4gLGJ6Z1O3vE1krgXZNrsQ+LFTGHVxVjcXPs17LhbZVGedAJv8XZ1tvj5FvSg==

lru-cache@^6.0.0:
  version "6.0.0"
  resolved "https://registry.npmjs.org/lru-cache/-/lru-cache-6.0.0.tgz"
  integrity sha512-Jo6dJ04CmSjuznwJSS3pUeWmd/H0ffTlkXXgwZi+eq1UCmqQwCh+eLsYOYCwY991i2Fah4h1BEMCx4qThGbsiA==
  dependencies:
    yallist "^4.0.0"

make-error@^1.1.1:
  version "1.3.6"
  resolved "https://registry.npmjs.org/make-error/-/make-error-1.3.6.tgz"
  integrity sha512-s8UhlNe7vPKomQhC1qFelMokr/Sc3AgNbso3n74mVPA5LTZwkB9NlXf4XPamLxJE8h0gh73rM94xvwRT2CVInw==

minimatch@^3.1.1:
  version "3.1.2"
  resolved "https://registry.npmjs.org/minimatch/-/minimatch-3.1.2.tgz"
  integrity sha512-J7p63hRiAjw1NDEww1W7i37+ByIrOWO5XQQAzZ3VOcL0PNybwpfmV/N05zFAzwQ9USyEcX6t3UO+K5aqBQOIHw==
  dependencies:
    brace-expansion "^1.1.7"

ms@2.1.2:
  version "2.1.2"
  resolved "https://registry.npmjs.org/ms/-/ms-2.1.2.tgz"
  integrity sha512-sGkPx+VjMtmA6MX27oA4FBFELFCZZ4S4XqeGOXCv68tT+jb3vk/RyaKWP0PTKyWtmLSM0b+adUTEvbs1PEaH2w==

nanoclone@^0.2.1:
  version "0.2.1"
  resolved "https://registry.npmjs.org/nanoclone/-/nanoclone-0.2.1.tgz"
  integrity sha512-wynEP02LmIbLpcYw8uBKpcfF6dmg2vcpKqxeH5UcoKEYdExslsdUA4ugFauuaeYdTB76ez6gJW8XAZ6CgkXYxA==

nanoid@^3.1.23:
  version "3.3.4"
  resolved "https://registry.npmjs.org/nanoid/-/nanoid-3.3.4.tgz"
  integrity sha512-MqBkQh/OHTS2egovRtLk45wEyNXwF+cokD+1YPf9u5VfJiRdAiRwB2froX5Co9Rh20xs4siNPm8naNotSD6RBw==

on-exit-leak-free@^2.1.0:
  version "2.1.0"
  resolved "https://registry.npmjs.org/on-exit-leak-free/-/on-exit-leak-free-2.1.0.tgz"
  integrity sha512-VuCaZZAjReZ3vUwgOB8LxAosIurDiAW0s13rI1YwmaP++jvcxP77AWoQvenZebpCA2m8WC1/EosPYPMjnRAp/w==

once@^1.3.0:
  version "1.4.0"
  resolved "https://registry.npmjs.org/once/-/once-1.4.0.tgz"
  integrity sha512-lNaJgI+2Q5URQBkccEKHTQOPaXdUxnZZElQTZY0MFUAuaEqe1E+Nyvgdz/aIyNi6Z9MzO5dv1H8n58/GELp3+w==
  dependencies:
    wrappy "1"

path-is-absolute@^1.0.0:
  version "1.0.1"
  resolved "https://registry.npmjs.org/path-is-absolute/-/path-is-absolute-1.0.1.tgz"
  integrity sha512-AVbw3UJ2e9bq64vSaS9Am0fje1Pa8pbGqTTsmXfaIiMpnr5DlDhfJOuLj9Sf95ZPVDAUerDfEk88MPmPe7UCQg==

pino-abstract-transport@v1.0.0:
  version "1.0.0"
  resolved "https://registry.npmjs.org/pino-abstract-transport/-/pino-abstract-transport-1.0.0.tgz"
  integrity sha512-c7vo5OpW4wIS42hUVcT5REsL8ZljsUfBjqV/e2sFxmFEFZiq1XLUp5EYLtuDH6PEHq9W1egWqRbnLUP5FuZmOA==
  dependencies:
    readable-stream "^4.0.0"
    split2 "^4.0.0"

pino-std-serializers@^6.0.0:
  version "6.0.0"
  resolved "https://registry.npmjs.org/pino-std-serializers/-/pino-std-serializers-6.0.0.tgz"
  integrity sha512-mMMOwSKrmyl+Y12Ri2xhH1lbzQxwwpuru9VjyJpgFIH4asSj88F2csdMwN6+M5g1Ll4rmsYghHLQJw81tgZ7LQ==

pino@^8.0.0:
  version "8.4.1"
  resolved "https://registry.npmjs.org/pino/-/pino-8.4.1.tgz"
  integrity sha512-rZnbTUNFiYBH1H2OfYYVNBEFRDhN2nRaEmBD2+MDmGXSGyps+YPJ55LzWZP90zg7zyWKy0ZMqGlk47AO6OaBqQ==
  dependencies:
    atomic-sleep "^1.0.0"
    fast-redact "^3.1.1"
    on-exit-leak-free "^2.1.0"
    pino-abstract-transport v1.0.0
    pino-std-serializers "^6.0.0"
    process-warning "^2.0.0"
    quick-format-unescaped "^4.0.3"
    real-require "^0.2.0"
    safe-stable-stringify "^2.3.1"
    sonic-boom "^3.1.0"
    thread-stream "^2.0.0"

playwright-core@1.27.1:
  version "1.27.1"
  resolved "https://registry.yarnpkg.com/playwright-core/-/playwright-core-1.27.1.tgz#840ef662e55a3ed759d8b5d3d00a5f885a7184f4"
  integrity sha512-9EmeXDncC2Pmp/z+teoVYlvmPWUC6ejSSYZUln7YaP89Z6lpAaiaAnqroUt/BoLo8tn7WYShcfaCh+xofZa44Q==

process-warning@^2.0.0:
  version "2.0.0"
  resolved "https://registry.npmjs.org/process-warning/-/process-warning-2.0.0.tgz"
  integrity sha512-+MmoAXoUX+VTHAlwns0h+kFUWFs/3FZy+ZuchkgjyOu3oioLAo2LB5aCfKPh2+P9O18i3m43tUEv3YqttSy0Ww==

property-expr@^2.0.4:
  version "2.0.5"
  resolved "https://registry.npmjs.org/property-expr/-/property-expr-2.0.5.tgz"
  integrity sha512-IJUkICM5dP5znhCckHSv30Q4b5/JA5enCtkRHYaOVOAocnH/1BQEYTC5NMfT3AVl/iXKdr3aqQbQn9DxyWknwA==

proxy-addr@^2.0.7:
  version "2.0.7"
  resolved "https://registry.npmjs.org/proxy-addr/-/proxy-addr-2.0.7.tgz"
  integrity sha512-llQsMLSUDUPT44jdrU/O37qlnifitDP+ZwrmmZcoSKyLKvtZxpyV0n2/bD/N4tBAAZ/gJEdZU7KMraoK1+XYAg==
  dependencies:
    forwarded "0.2.0"
    ipaddr.js "1.9.1"

punycode@^2.1.0:
  version "2.1.1"
  resolved "https://registry.npmjs.org/punycode/-/punycode-2.1.1.tgz"
  integrity sha512-XRsRjdf+j5ml+y/6GKHPZbrF/8p2Yga0JPtdqTIY2Xe5ohJPD9saDJJLPvp9+NSBprVvevdXZybnj2cv8OEd0A==

quick-format-unescaped@^4.0.3:
  version "4.0.4"
  resolved "https://registry.npmjs.org/quick-format-unescaped/-/quick-format-unescaped-4.0.4.tgz"
  integrity sha512-tYC1Q1hgyRuHgloV/YXs2w15unPVh8qfu/qCTfhTYamaw7fyhumKa2yGpdSo87vY32rIclj+4fWYQXUMs9EHvg==

readable-stream@^4.0.0:
  version "4.1.0"
  resolved "https://registry.npmjs.org/readable-stream/-/readable-stream-4.1.0.tgz"
  integrity sha512-sVisi3+P2lJ2t0BPbpK629j8wRW06yKGJUcaLAGXPAUhyUxVJm7VsCTit1PFgT4JHUDMrGNR+ZjSKpzGaRF3zw==
  dependencies:
    abort-controller "^3.0.0"

real-require@^0.2.0:
  version "0.2.0"
  resolved "https://registry.npmjs.org/real-require/-/real-require-0.2.0.tgz"
  integrity sha512-57frrGM/OCTLqLOAh0mhVA9VBMHd+9U7Zb2THMGdBUoZVOtGbJzjxsYGDJ3A9AYYCP4hn6y1TVbaOfzWtm5GFg==

regenerator-runtime@^0.13.4:
  version "0.13.9"
  resolved "https://registry.npmjs.org/regenerator-runtime/-/regenerator-runtime-0.13.9.tgz"
  integrity sha512-p3VT+cOEgxFsRRA9X4lkI1E+k2/CtnKtU4gcxyaCUreilL/vqI6CdZ3wxVUx3UOUg+gnUOQQcRI7BmSI656MYA==

require-from-string@^2.0.2:
  version "2.0.2"
  resolved "https://registry.npmjs.org/require-from-string/-/require-from-string-2.0.2.tgz"
  integrity sha512-Xf0nWe6RseziFMu+Ap9biiUbmplq6S9/p+7w7YXP/JBHhrUDDUhwa+vANyubuqfZWTveU//DYVGsDG7RKL/vEw==

ret@~0.2.0:
  version "0.2.2"
  resolved "https://registry.npmjs.org/ret/-/ret-0.2.2.tgz"
  integrity sha512-M0b3YWQs7R3Z917WRQy1HHA7Ba7D8hvZg6UE5mLykJxQVE2ju0IXbGlaHPPlkY+WN7wFP+wUMXmBFA0aV6vYGQ==

reusify@^1.0.4:
  version "1.0.4"
  resolved "https://registry.npmjs.org/reusify/-/reusify-1.0.4.tgz"
  integrity sha512-U9nH88a3fc/ekCF1l0/UP1IosiuIjyTh7hBvXVMHYgVcfGvt897Xguj2UOLDeI5BG2m7/uwyaLVT6fbtCwTyzw==

rfdc@^1.2.0, rfdc@^1.3.0:
  version "1.3.0"
  resolved "https://registry.npmjs.org/rfdc/-/rfdc-1.3.0.tgz"
  integrity sha512-V2hovdzFbOi77/WajaSMXk2OLm+xNIeQdMMuB7icj7bk6zi2F8GGAxigcnDFpJHbNyNcgyJDiP+8nOrY5cZGrA==

rimraf@^3.0.2:
  version "3.0.2"
  resolved "https://registry.npmjs.org/rimraf/-/rimraf-3.0.2.tgz"
  integrity sha512-JZkJMZkAGFFPP2YqXZXPbMlMBgsxzE8ILs4lMIX/2o0L9UBw9O/Y3o6wFw/i9YLapcUJWwqbi3kdxIPdC62TIA==
  dependencies:
    glob "^7.1.3"

safe-regex2@^2.0.0:
  version "2.0.0"
  resolved "https://registry.npmjs.org/safe-regex2/-/safe-regex2-2.0.0.tgz"
  integrity sha512-PaUSFsUaNNuKwkBijoAPHAK6/eM6VirvyPWlZ7BAQy4D+hCvh4B6lIG+nPdhbFfIbP+gTGBcrdsOaUs0F+ZBOQ==
  dependencies:
    ret "~0.2.0"

safe-stable-stringify@^2.3.1:
  version "2.3.1"
  resolved "https://registry.npmjs.org/safe-stable-stringify/-/safe-stable-stringify-2.3.1.tgz"
  integrity sha512-kYBSfT+troD9cDA85VDnHZ1rpHC50O0g1e6WlGHVCz/g+JS+9WKLj+XwFYyR8UbrZN8ll9HUpDAAddY58MGisg==

secure-json-parse@^2.4.0:
  version "2.5.0"
  resolved "https://registry.npmjs.org/secure-json-parse/-/secure-json-parse-2.5.0.tgz"
  integrity sha512-ZQruFgZnIWH+WyO9t5rWt4ZEGqCKPwhiw+YbzTwpmT9elgLrLcfuyUiSnwwjUiVy9r4VM3urtbNF1xmEh9IL2w==

semver@^7.3.7:
  version "7.3.7"
  resolved "https://registry.npmjs.org/semver/-/semver-7.3.7.tgz"
  integrity sha512-QlYTucUYOews+WeEujDoEGziz4K6c47V/Bd+LjSSYcA94p+DmINdf7ncaUinThfvZyu13lN9OY1XDxt8C0Tw0g==
  dependencies:
    lru-cache "^6.0.0"

set-cookie-parser@^2.4.1:
  version "2.5.1"
  resolved "https://registry.npmjs.org/set-cookie-parser/-/set-cookie-parser-2.5.1.tgz"
  integrity sha512-1jeBGaKNGdEq4FgIrORu/N570dwoPYio8lSoYLWmX7sQ//0JY08Xh9o5pBcgmHQ/MbsYp/aZnOe1s1lIsbLprQ==

sonic-boom@^3.1.0:
  version "3.2.0"
  resolved "https://registry.npmjs.org/sonic-boom/-/sonic-boom-3.2.0.tgz"
  integrity sha512-SbbZ+Kqj/XIunvIAgUZRlqd6CGQYq71tRRbXR92Za8J/R3Yh4Av+TWENiSiEgnlwckYLyP0YZQWVfyNC0dzLaA==
  dependencies:
    atomic-sleep "^1.0.0"

split2@^4.0.0:
  version "4.1.0"
  resolved "https://registry.npmjs.org/split2/-/split2-4.1.0.tgz"
  integrity sha512-VBiJxFkxiXRlUIeyMQi8s4hgvKCSjtknJv/LVYbrgALPwf5zSKmEwV9Lst25AkvMDnvxODugjdl6KZgwKM1WYQ==

thread-stream@^2.0.0:
  version "2.0.1"
  resolved "https://registry.npmjs.org/thread-stream/-/thread-stream-2.0.1.tgz"
  integrity sha512-X7vWOdsHLkBq0si20ruEE2ttpS7WOVyD52xKu+TOjrRP9Qi9uB9ynHYpzZUbBptArBSuKYUn4mH+jEBnO2CRGg==
  dependencies:
    real-require "^0.2.0"

tiny-lru@^8.0.2:
  version "8.0.2"
  resolved "https://registry.npmjs.org/tiny-lru/-/tiny-lru-8.0.2.tgz"
  integrity sha512-ApGvZ6vVvTNdsmt676grvCkUCGwzG9IqXma5Z07xJgiC5L7akUMof5U8G2JTI9Rz/ovtVhJBlY6mNhEvtjzOIg==

toposort@^2.0.2:
  version "2.0.2"
  resolved "https://registry.npmjs.org/toposort/-/toposort-2.0.2.tgz"
  integrity sha512-0a5EOkAUp8D4moMi2W8ZF8jcga7BgZd91O/yabJCFY8az+XSzeGyTKs0Aoo897iV1Nj6guFq8orWDS96z91oGg==

ts-node@^10.9.1:
  version "10.9.1"
  resolved "https://registry.yarnpkg.com/ts-node/-/ts-node-10.9.1.tgz#e73de9102958af9e1f0b168a6ff320e25adcff4b"
  integrity sha512-NtVysVPkxxrwFGUUxGYhfux8k78pQB3JqYBXlLRZgdGUqTO5wU/UyHop5p70iEbGhB7q5KmiZiU0Y3KlJrScEw==
  dependencies:
    "@cspotcode/source-map-support" "^0.8.0"
    "@tsconfig/node10" "^1.0.7"
    "@tsconfig/node12" "^1.0.7"
    "@tsconfig/node14" "^1.0.0"
    "@tsconfig/node16" "^1.0.2"
    acorn "^8.4.1"
    acorn-walk "^8.1.1"
    arg "^4.1.0"
    create-require "^1.1.0"
    diff "^4.0.1"
    make-error "^1.1.1"
    v8-compile-cache-lib "^3.0.1"
    yn "3.1.1"

turbo-android-arm64@1.4.3:
  version "1.4.3"
  resolved "https://registry.yarnpkg.com/turbo-android-arm64/-/turbo-android-arm64-1.4.3.tgz#d531c6935134d8cae9f31f61db47d13bd227bb93"
  integrity sha512-ZUvdoEHJkTkOFOO9PKWYrdONDBVqkNsvwEMufTVf07RXgqmbXDPkznzT4hcQm6xXyqWqJdjgSAMdlm+2nNE1Og==

turbo-darwin-64@1.4.3:
  version "1.4.3"
  resolved "https://registry.yarnpkg.com/turbo-darwin-64/-/turbo-darwin-64-1.4.3.tgz#123e214d9070ec6ac81468dc7a1cb02a459fafd7"
  integrity sha512-gapoVm5qbu2TJS4lJ6fM3o2eAkLyXSxHihw/4NRAYmwHCH3at1/cIAnRcctB/HLL3ZaB/p3HKb8mnI7k6xNHOw==

turbo-darwin-arm64@1.4.3:
  version "1.4.3"
  resolved "https://registry.npmjs.org/turbo-darwin-arm64/-/turbo-darwin-arm64-1.4.3.tgz"
  integrity sha512-XUe6FTsHamEH7FfNslYYO04yecAaguhZuwW4kE9B/BAP8MUYsmVqONauLPyE/YqM6pf2K0xwVe+RlEGf53CWbg==

turbo-freebsd-64@1.4.3:
  version "1.4.3"
  resolved "https://registry.yarnpkg.com/turbo-freebsd-64/-/turbo-freebsd-64-1.4.3.tgz#ffb4a939ca0000ec91114d2bbddc491c4835e862"
  integrity sha512-1CAjXmDClgMXdWZXreUfAbGBB2WB9TZHfJIdsgnDqt4fIcFGChknzYqc+Fj3tGHAczMpinGjBbWIzFuxOq/ofQ==

turbo-freebsd-arm64@1.4.3:
  version "1.4.3"
  resolved "https://registry.yarnpkg.com/turbo-freebsd-arm64/-/turbo-freebsd-arm64-1.4.3.tgz#0bab3e2ccfac1ecc9ed9a30b0ab80f379fe3a788"
  integrity sha512-j5C7j/vwabPKpr5d6YlLgHGHBZCOcXj3HdkBshDHTQ0wghH0NuCUUaesYxI3wva/4/Ec0dhIrb20Laa/HMxXLA==

turbo-linux-32@1.4.3:
  version "1.4.3"
  resolved "https://registry.yarnpkg.com/turbo-linux-32/-/turbo-linux-32-1.4.3.tgz#96deb5ebedfe6b97fd8ecc0fa40ff1c891c4c04f"
  integrity sha512-vnc+StXIoQEnxIU43j7rEz/J+v+RV4dbUdUolBq0k9gkUV8KMCcqPkIa753K47E2KLNGKXMaYDI6AHQX1GAQZg==

turbo-linux-64@1.4.3:
  version "1.4.3"
  resolved "https://registry.yarnpkg.com/turbo-linux-64/-/turbo-linux-64-1.4.3.tgz#ed0152e724c78dea090b2d60d29258110bdfb14a"
  integrity sha512-KAUeIa8Ejt6BLrBGbVurlrjDxqh62tu75D4cqKqKfzWspcbEtmdqlV6qthXfm8SlzGSNuQXX0+qXEWds2FIZXg==

turbo-linux-arm64@1.4.3:
  version "1.4.3"
  resolved "https://registry.yarnpkg.com/turbo-linux-arm64/-/turbo-linux-arm64-1.4.3.tgz#74fac47575e6b5af5830d26a56493859d09e4c7c"
  integrity sha512-rzB7w+RHCQkKr8aDxxozv/IzdN976CYyBiRocSf9QGU73uyAg8pCo3i0MiENSRjDC+tUbdbu2lEUwGXf9ziB9Q==

turbo-linux-arm@1.4.3:
  version "1.4.3"
  resolved "https://registry.yarnpkg.com/turbo-linux-arm/-/turbo-linux-arm-1.4.3.tgz#ac42b3c5918fe06270cb8dfbe31442a48cc38fc3"
  integrity sha512-zZNoHUK5ioFyxAngh8tHe763Dzb22ne3LJkaZn0ExkFHJtWClWv536lPcDuQPpIH9W9iz5OwPKtN32DNpNwk8A==

turbo-linux-mips64le@1.4.3:
  version "1.4.3"
  resolved "https://registry.yarnpkg.com/turbo-linux-mips64le/-/turbo-linux-mips64le-1.4.3.tgz#d796261795e4fc29935cbffdadfbc11d83cbe616"
  integrity sha512-Ztr1BM5NiUsHWjB7zpkP2RpRDA/fjbLaCbkyfyGlLmVkrSkh05NFBD03IWs2LSLy/wb6vRpL3MQ4FKcb97Tn8w==

turbo-linux-ppc64le@1.4.3:
  version "1.4.3"
  resolved "https://registry.yarnpkg.com/turbo-linux-ppc64le/-/turbo-linux-ppc64le-1.4.3.tgz#b7d043efa27290e074b7aba45bb298fc86bd8cfe"
  integrity sha512-tJaFJWxwfy/iLd69VHZj6JcXy9hO8LQ+ZUOna/p/wiy5WrFVgEYlD+4gfECfRZ+52EIelMgXl97vACaN1WMhLw==

turbo-windows-32@1.4.3:
  version "1.4.3"
  resolved "https://registry.yarnpkg.com/turbo-windows-32/-/turbo-windows-32-1.4.3.tgz#3dac4678f1d74ccf0ac187e738d30a557932fbad"
  integrity sha512-w9LyYd+DW3PYFXu9vQiie5lfdqmVIKLV0h181C49hempkIXfgQAosXfaugYWDwBc0GEBoBIQB0vGQKE7gt5nzA==

turbo-windows-64@1.4.3:
  version "1.4.3"
  resolved "https://registry.yarnpkg.com/turbo-windows-64/-/turbo-windows-64-1.4.3.tgz#b493ab62db70c4c147cf0dc56dc812ea2e15cf3c"
  integrity sha512-qPCqemxxOrXyqqig3fVQozRkOwo5oJSsQ3FTZE5YlNu2NwwWvY1mC0X4WTZIDsbj4oHqr0riqC7RGKbjQm1IIQ==

turbo-windows-arm64@1.4.3:
  version "1.4.3"
  resolved "https://registry.yarnpkg.com/turbo-windows-arm64/-/turbo-windows-arm64-1.4.3.tgz#be4b38994cb3f1ceb36940ff6d6b227fa2ba53bf"
  integrity sha512-djnOOBjw33AnUx2SR6TMOpDr3nKLnVD+HcZvnQz70HyE331AKWjBoEE4rtUOteLAfViWAp3afbiljFSOnbU00Q==

turbo@^1.4.3:
  version "1.4.3"
  resolved "https://registry.npmjs.org/turbo/-/turbo-1.4.3.tgz"
  integrity sha512-g08eD2HdO/XW5xGHnXr0cXGiWnrgFBI6pN/3u0EOTeerKAsWIZU0ZrpSnl3whRtImeBB/gQu7Eu1waM2VOxzgw==
  optionalDependencies:
    turbo-android-arm64 "1.4.3"
    turbo-darwin-64 "1.4.3"
    turbo-darwin-arm64 "1.4.3"
    turbo-freebsd-64 "1.4.3"
    turbo-freebsd-arm64 "1.4.3"
    turbo-linux-32 "1.4.3"
    turbo-linux-64 "1.4.3"
    turbo-linux-arm "1.4.3"
    turbo-linux-arm64 "1.4.3"
    turbo-linux-mips64le "1.4.3"
    turbo-linux-ppc64le "1.4.3"
    turbo-windows-32 "1.4.3"
    turbo-windows-64 "1.4.3"
    turbo-windows-arm64 "1.4.3"

typescript@^4.7.4:
  version "4.7.4"
  resolved "https://registry.npmjs.org/typescript/-/typescript-4.7.4.tgz"
  integrity sha512-C0WQT0gezHuw6AdY1M2jxUO83Rjf0HP7Sk1DtXj6j1EwkQNZrHAg2XPWlq62oqEhYvONq5pkC2Y9oPljWToLmQ==

uri-js@^4.2.2:
  version "4.4.1"
  resolved "https://registry.npmjs.org/uri-js/-/uri-js-4.4.1.tgz"
  integrity sha512-7rKUyy33Q1yc98pQ1DAmLtwX109F7TIfWlW1Ydo8Wl1ii1SeHieeh0HHfPeL2fMXK6z0s8ecKs9frCuLJvndBg==
  dependencies:
    punycode "^2.1.0"

v8-compile-cache-lib@^3.0.1:
  version "3.0.1"
  resolved "https://registry.npmjs.org/v8-compile-cache-lib/-/v8-compile-cache-lib-3.0.1.tgz"
  integrity sha512-wa7YjyUGfNZngI/vtK0UHAN+lgDCxBPCylVXGp0zu59Fz5aiGtNXaq3DhIov063MorB+VfufLh3JlF2KdTK3xg==

wrappy@1:
  version "1.0.2"
  resolved "https://registry.npmjs.org/wrappy/-/wrappy-1.0.2.tgz"
  integrity sha512-l4Sp/DRseor9wL6EvV2+TuQn63dMkPjZ/sp9XkghTEbV9KlPS1xUsZ3u7/IQO4wxtcFB4bgpQPRcR3QCvezPcQ==

yallist@^4.0.0:
  version "4.0.0"
  resolved "https://registry.npmjs.org/yallist/-/yallist-4.0.0.tgz"
  integrity sha512-3wdGidZyq5PB084XLES5TpOSRA3wjXAlIWMhum2kRcv/41Sn2emQ0dycQW4uZXLejwKvg6EsvbdlVL+FYEct7A==

yn@3.1.1:
  version "3.1.1"
  resolved "https://registry.npmjs.org/yn/-/yn-3.1.1.tgz"
  integrity sha512-Ux4ygGWsu2c7isFWe8Yu1YluJmqVhxqK2cLXNQA5AcC3QfbGNpM7fu0Y8b/z16pXLnFxZYvWhd3fhBY9DLmC6Q==

yup@^0.32.9:
  version "0.32.11"
  resolved "https://registry.npmjs.org/yup/-/yup-0.32.11.tgz"
  integrity sha512-Z2Fe1bn+eLstG8DRR6FTavGD+MeAwyfmouhHsIUgaADz8jvFKbO/fXc2trJKZg+5EBjh4gGm3iU/t3onKlXHIg==
  dependencies:
    "@babel/runtime" "^7.15.4"
    "@types/lodash" "^4.14.175"
    lodash "^4.17.21"
    lodash-es "^4.17.21"
    nanoclone "^0.2.1"
    property-expr "^2.0.4"
    toposort "^2.0.2"

zod@^3.19.1:
  version "3.19.1"
  resolved "https://registry.yarnpkg.com/zod/-/zod-3.19.1.tgz#112f074a97b50bfc4772d4ad1576814bd8ac4473"
  integrity sha512-LYjZsEDhCdYET9ikFu6dVPGp2YH9DegXjdJToSzD9rO6fy4qiRYFoyEYwps88OseJlPyl2NOe2iJuhEhL7IpEA==
